
Microsoft Visual Studio Solution File, Format Version 12.00
# Visual Studio Version 17
VisualStudioVersion = 17.1.32328.378
MinimumVisualStudioVersion = 10.0.40219.1
Project("{FAE04EC0-301F-11D3-BF4B-00C04F79EFBC}") = "OrganisedMe", "OrganisedMe\OrganisedMe.csproj", "{814267F5-86E4-4080-A608-DEE3E8FC146B}"
EndProject
Global
	GlobalSection(SolutionConfigurationPlatforms) = preSolution
		Debug|Any CPU = Debug|Any CPU
		Release|Any CPU = Release|Any CPU
	EndGlobalSection
	GlobalSection(ProjectConfigurationPlatforms) = postSolution
		{814267F5-86E4-4080-A608-DEE3E8FC146B}.Debug|Any CPU.ActiveCfg = Debug|Any CPU
		{814267F5-86E4-4080-A608-DEE3E8FC146B}.Debug|Any CPU.Build.0 = Debug|Any CPU
		{814267F5-86E4-4080-A608-DEE3E8FC146B}.Release|Any CPU.ActiveCfg = Release|Any CPU
		{814267F5-86E4-4080-A608-DEE3E8FC146B}.Release|Any CPU.Build.0 = Release|Any CPU
	EndGlobalSection
	GlobalSection(SolutionProperties) = preSolution
		HideSolutionNode = FALSE
	EndGlobalSection
	GlobalSection(ExtensibilityGlobals) = postSolution
		SolutionGuid = {DEF3D055-A7A8-481A-AE33-129EF5C14372}
	EndGlobalSection
EndGlobal
